
Microsoft Visual Studio Solution File, Format Version 12.00
# Visual Studio Version 17
VisualStudioVersion = 17.3.32929.385
MinimumVisualStudioVersion = 10.0.40219.1
Project("{FAE04EC0-301F-11D3-BF4B-00C04F79EFBC}") = "YurtKayitSistemi", "YurtKayitSistemi\YurtKayitSistemi.csproj", "{511F04D5-DD2E-4118-A668-0D703FED2CDC}"
EndProject
Global
	GlobalSection(SolutionConfigurationPlatforms) = preSolution
		Debug|Any CPU = Debug|Any CPU
		Release|Any CPU = Release|Any CPU
	EndGlobalSection
	GlobalSection(ProjectConfigurationPlatforms) = postSolution
		{511F04D5-DD2E-4118-A668-0D703FED2CDC}.Debug|Any CPU.ActiveCfg = Debug|Any CPU
		{511F04D5-DD2E-4118-A668-0D703FED2CDC}.Debug|Any CPU.Build.0 = Debug|Any CPU
		{511F04D5-DD2E-4118-A668-0D703FED2CDC}.Release|Any CPU.ActiveCfg = Release|Any CPU
		{511F04D5-DD2E-4118-A668-0D703FED2CDC}.Release|Any CPU.Build.0 = Release|Any CPU
	EndGlobalSection
	GlobalSection(SolutionProperties) = preSolution
		HideSolutionNode = FALSE
	EndGlobalSection
	GlobalSection(ExtensibilityGlobals) = postSolution
		SolutionGuid = {B6DCD07E-DE89-498D-9584-340CD18C0BC9}
	EndGlobalSection
EndGlobal
